
Microsoft Visual Studio Solution File, Format Version 12.00
# Visual Studio 15
Project("{FAE04EC0-301F-11D3-BF4B-00C04F79EFBC}") = "Assembly-CSharp", "Assembly-CSharp.csproj", "{72CC8955-FE6A-A5AE-B30C-512B46FF97F7}"
EndProject
Project("{FAE04EC0-301F-11D3-BF4B-00C04F79EFBC}") = "Assembly-CSharp-Editor", "Assembly-CSharp-Editor.csproj", "{CA3A0F96-19FD-ADC7-F897-B0FDA4766675}"
EndProject
Project("{FAE04EC0-301F-11D3-BF4B-00C04F79EFBC}") = "BNGHandPoser", "BNGHandPoser.csproj", "{78BDD011-BE85-EB2A-70B1-04AAE740DD5F}"
EndProject
Project("{FAE04EC0-301F-11D3-BF4B-00C04F79EFBC}") = "BNGHandPoseID", "BNGHandPoseID.csproj", "{92E6B3DC-A54D-B2E8-0285-BC80B3655B56}"
EndProject
Global
	GlobalSection(SolutionConfigurationPlatforms) = preSolution
		Debug|Any CPU = Debug|Any CPU
		Release|Any CPU = Release|Any CPU
	EndGlobalSection
	GlobalSection(ProjectConfigurationPlatforms) = postSolution
		{72CC8955-FE6A-A5AE-B30C-512B46FF97F7}.Debug|Any CPU.ActiveCfg = Debug|Any CPU
		{72CC8955-FE6A-A5AE-B30C-512B46FF97F7}.Debug|Any CPU.Build.0 = Debug|Any CPU
		{72CC8955-FE6A-A5AE-B30C-512B46FF97F7}.Release|Any CPU.ActiveCfg = Release|Any CPU
		{72CC8955-FE6A-A5AE-B30C-512B46FF97F7}.Release|Any CPU.Build.0 = Release|Any CPU
		{CA3A0F96-19FD-ADC7-F897-B0FDA4766675}.Debug|Any CPU.ActiveCfg = Debug|Any CPU
		{CA3A0F96-19FD-ADC7-F897-B0FDA4766675}.Debug|Any CPU.Build.0 = Debug|Any CPU
		{CA3A0F96-19FD-ADC7-F897-B0FDA4766675}.Release|Any CPU.ActiveCfg = Release|Any CPU
		{CA3A0F96-19FD-ADC7-F897-B0FDA4766675}.Release|Any CPU.Build.0 = Release|Any CPU
		{78BDD011-BE85-EB2A-70B1-04AAE740DD5F}.Debug|Any CPU.ActiveCfg = Debug|Any CPU
		{78BDD011-BE85-EB2A-70B1-04AAE740DD5F}.Debug|Any CPU.Build.0 = Debug|Any CPU
		{78BDD011-BE85-EB2A-70B1-04AAE740DD5F}.Release|Any CPU.ActiveCfg = Release|Any CPU
		{78BDD011-BE85-EB2A-70B1-04AAE740DD5F}.Release|Any CPU.Build.0 = Release|Any CPU
		{92E6B3DC-A54D-B2E8-0285-BC80B3655B56}.Debug|Any CPU.ActiveCfg = Debug|Any CPU
		{92E6B3DC-A54D-B2E8-0285-BC80B3655B56}.Debug|Any CPU.Build.0 = Debug|Any CPU
		{92E6B3DC-A54D-B2E8-0285-BC80B3655B56}.Release|Any CPU.ActiveCfg = Release|Any CPU
		{92E6B3DC-A54D-B2E8-0285-BC80B3655B56}.Release|Any CPU.Build.0 = Release|Any CPU
	EndGlobalSection
	GlobalSection(SolutionProperties) = preSolution
		HideSolutionNode = FALSE
	EndGlobalSection
EndGlobal
